
Microsoft Visual Studio Solution File, Format Version 12.00
# Visual Studio Version 17
VisualStudioVersion = 17.3.32922.545
MinimumVisualStudioVersion = 10.0.40219.1
Project("{FAE04EC0-301F-11D3-BF4B-00C04F79EFBC}") = "p1", "p1\p1.csproj", "{1FFA618A-7E14-41AA-B5D6-A91D2897DC6E}"
EndProject
Global
	GlobalSection(SolutionConfigurationPlatforms) = preSolution
		Debug|Any CPU = Debug|Any CPU
		Release|Any CPU = Release|Any CPU
	EndGlobalSection
	GlobalSection(ProjectConfigurationPlatforms) = postSolution
		{1FFA618A-7E14-41AA-B5D6-A91D2897DC6E}.Debug|Any CPU.ActiveCfg = Debug|Any CPU
		{1FFA618A-7E14-41AA-B5D6-A91D2897DC6E}.Debug|Any CPU.Build.0 = Debug|Any CPU
		{1FFA618A-7E14-41AA-B5D6-A91D2897DC6E}.Release|Any CPU.ActiveCfg = Release|Any CPU
		{1FFA618A-7E14-41AA-B5D6-A91D2897DC6E}.Release|Any CPU.Build.0 = Release|Any CPU
	EndGlobalSection
	GlobalSection(SolutionProperties) = preSolution
		HideSolutionNode = FALSE
	EndGlobalSection
	GlobalSection(ExtensibilityGlobals) = postSolution
		SolutionGuid = {8F3F0C8B-6424-4EF8-B494-7EA1B69BB886}
	EndGlobalSection
EndGlobal
